
Microsoft Visual Studio Solution File, Format Version 12.00
# Visual Studio 15
VisualStudioVersion = 15.0.27130.2027
MinimumVisualStudioVersion = 10.0.40219.1
Project("{9A19103F-16F7-4668-BE54-9A1E7A4F7556}") = "Petabridge.Tracing.Zipkin", "src\Petabridge.Tracing.Zipkin\Petabridge.Tracing.Zipkin.csproj", "{E945AABA-2779-41E8-9B43-8898FFD64F22}"
EndProject
Project("{9A19103F-16F7-4668-BE54-9A1E7A4F7556}") = "Petabridge.Tracing.Zipkin.Tests", "src\Petabridge.Tracing.Zipkin.Tests\Petabridge.Tracing.Zipkin.Tests.csproj", "{0F9B9BC6-9F86-40E8-BA9B-D27BF3AC7970}"
EndProject
Project("{9A19103F-16F7-4668-BE54-9A1E7A4F7556}") = "Petabridge.Tracing.Zipkin.Tests.Performance", "src\Petabridge.Tracing.Zipkin.Tests.Performance\Petabridge.Tracing.Zipkin.Tests.Performance.csproj", "{CAE7CA7C-0D0C-4FDA-BDE9-BE16A27343EF}"
EndProject
Project("{2150E333-8FDC-42A3-9474-1A3956D46DE8}") = "samples", "samples", "{96A3EB74-1B21-4406-9634-4A9EC1D76873}"
EndProject
Project("{9A19103F-16F7-4668-BE54-9A1E7A4F7556}") = "Petabridge.Tracing.Zipkin.SimpleDemo", "src\Petabridge.Tracing.Zipkin.SimpleDemo\Petabridge.Tracing.Zipkin.SimpleDemo.csproj", "{BC8D1A16-C540-4E57-A87C-4A9C66D51635}"
EndProject
Project("{FAE04EC0-301F-11D3-BF4B-00C04F79EFBC}") = "Petabridge.Tracing.Zipkin.Integration.Tests", "src\Petabridge.Tracing.Zipkin.Integration.Tests\Petabridge.Tracing.Zipkin.Integration.Tests.csproj", "{D60BD0FB-F2EC-45A5-96A1-D18BB61A971B}"
EndProject
Global
	GlobalSection(SolutionConfigurationPlatforms) = preSolution
		Debug|Any CPU = Debug|Any CPU
		Release|Any CPU = Release|Any CPU
	EndGlobalSection
	GlobalSection(ProjectConfigurationPlatforms) = postSolution
		{E945AABA-2779-41E8-9B43-8898FFD64F22}.Debug|Any CPU.ActiveCfg = Debug|Any CPU
		{E945AABA-2779-41E8-9B43-8898FFD64F22}.Debug|Any CPU.Build.0 = Debug|Any CPU
		{E945AABA-2779-41E8-9B43-8898FFD64F22}.Release|Any CPU.ActiveCfg = Release|Any CPU
		{E945AABA-2779-41E8-9B43-8898FFD64F22}.Release|Any CPU.Build.0 = Release|Any CPU
		{0F9B9BC6-9F86-40E8-BA9B-D27BF3AC7970}.Debug|Any CPU.ActiveCfg = Debug|Any CPU
		{0F9B9BC6-9F86-40E8-BA9B-D27BF3AC7970}.Debug|Any CPU.Build.0 = Debug|Any CPU
		{0F9B9BC6-9F86-40E8-BA9B-D27BF3AC7970}.Release|Any CPU.ActiveCfg = Release|Any CPU
		{0F9B9BC6-9F86-40E8-BA9B-D27BF3AC7970}.Release|Any CPU.Build.0 = Release|Any CPU
		{CAE7CA7C-0D0C-4FDA-BDE9-BE16A27343EF}.Debug|Any CPU.ActiveCfg = Debug|Any CPU
		{CAE7CA7C-0D0C-4FDA-BDE9-BE16A27343EF}.Debug|Any CPU.Build.0 = Debug|Any CPU
		{CAE7CA7C-0D0C-4FDA-BDE9-BE16A27343EF}.Release|Any CPU.ActiveCfg = Release|Any CPU
		{CAE7CA7C-0D0C-4FDA-BDE9-BE16A27343EF}.Release|Any CPU.Build.0 = Release|Any CPU
		{BC8D1A16-C540-4E57-A87C-4A9C66D51635}.Debug|Any CPU.ActiveCfg = Debug|Any CPU
		{BC8D1A16-C540-4E57-A87C-4A9C66D51635}.Debug|Any CPU.Build.0 = Debug|Any CPU
		{BC8D1A16-C540-4E57-A87C-4A9C66D51635}.Release|Any CPU.ActiveCfg = Release|Any CPU
		{BC8D1A16-C540-4E57-A87C-4A9C66D51635}.Release|Any CPU.Build.0 = Release|Any CPU
		{D60BD0FB-F2EC-45A5-96A1-D18BB61A971B}.Debug|Any CPU.ActiveCfg = Debug|Any CPU
		{D60BD0FB-F2EC-45A5-96A1-D18BB61A971B}.Debug|Any CPU.Build.0 = Debug|Any CPU
		{D60BD0FB-F2EC-45A5-96A1-D18BB61A971B}.Release|Any CPU.ActiveCfg = Release|Any CPU
		{D60BD0FB-F2EC-45A5-96A1-D18BB61A971B}.Release|Any CPU.Build.0 = Release|Any CPU
	EndGlobalSection
	GlobalSection(SolutionProperties) = preSolution
		HideSolutionNode = FALSE
	EndGlobalSection
	GlobalSection(NestedProjects) = preSolution
		{BC8D1A16-C540-4E57-A87C-4A9C66D51635} = {96A3EB74-1B21-4406-9634-4A9EC1D76873}
	EndGlobalSection
	GlobalSection(ExtensibilityGlobals) = postSolution
		SolutionGuid = {A1F1130E-F0D7-49A9-8CBE-B8604EEA79CB}
	EndGlobalSection
EndGlobal
